
Microsoft Visual Studio Solution File, Format Version 12.00
# Visual Studio Version 17
VisualStudioVersion = 17.3.32901.215
MinimumVisualStudioVersion = 10.0.40219.1
Project("{FAE04EC0-301F-11D3-BF4B-00C04F79EFBC}") = "Exec_For04", "Exec_For04\Exec_For04.csproj", "{38E7F7AC-A75E-4607-8655-73C6A257D092}"
EndProject
Global
	GlobalSection(SolutionConfigurationPlatforms) = preSolution
		Debug|Any CPU = Debug|Any CPU
		Release|Any CPU = Release|Any CPU
	EndGlobalSection
	GlobalSection(ProjectConfigurationPlatforms) = postSolution
		{38E7F7AC-A75E-4607-8655-73C6A257D092}.Debug|Any CPU.ActiveCfg = Debug|Any CPU
		{38E7F7AC-A75E-4607-8655-73C6A257D092}.Debug|Any CPU.Build.0 = Debug|Any CPU
		{38E7F7AC-A75E-4607-8655-73C6A257D092}.Release|Any CPU.ActiveCfg = Release|Any CPU
		{38E7F7AC-A75E-4607-8655-73C6A257D092}.Release|Any CPU.Build.0 = Release|Any CPU
	EndGlobalSection
	GlobalSection(SolutionProperties) = preSolution
		HideSolutionNode = FALSE
	EndGlobalSection
	GlobalSection(ExtensibilityGlobals) = postSolution
		SolutionGuid = {30E7659B-17EC-4ABD-A5A3-F8972C7E0F0F}
	EndGlobalSection
EndGlobal
